
Microsoft Visual Studio Solution File, Format Version 12.00
# Visual Studio 15
VisualStudioVersion = 15.0.27130.2026
MinimumVisualStudioVersion = 10.0.40219.1
Project("{FAE04EC0-301F-11D3-BF4B-00C04F79EFBC}") = "XFOidcClient2Demo.Android", "XFOidcClient2Demo\XFOidcClient2Demo.Android\XFOidcClient2Demo.Android.csproj", "{FA9E8A15-2F8A-498B-BCBF-80E5637A3CDA}"
EndProject
Project("{FAE04EC0-301F-11D3-BF4B-00C04F79EFBC}") = "XFOidcClient2Demo.iOS", "XFOidcClient2Demo\XFOidcClient2Demo.iOS\XFOidcClient2Demo.iOS.csproj", "{3722D267-5A33-41F5-B07C-84FB7BC9B80E}"
EndProject
Project("{FAE04EC0-301F-11D3-BF4B-00C04F79EFBC}") = "XFOidcClient2Demo.UWP", "XFOidcClient2Demo\XFOidcClient2Demo.UWP\XFOidcClient2Demo.UWP.csproj", "{F8F8ECD8-EA2A-4451-BDB1-B46E8348209F}"
EndProject
Project("{D954291E-2A0B-460D-934E-DC6B0785DB48}") = "XFOidcClient2Demo", "XFOidcClient2Demo\XFOidcClient2Demo\XFOidcClient2Demo.shproj", "{D5E58DA2-80B5-4CE7-9071-A812E9217949}"
EndProject
Global
	GlobalSection(SharedMSBuildProjectFiles) = preSolution
		XFOidcClient2Demo\XFOidcClient2Demo\XFOidcClient2Demo.projitems*{3722d267-5a33-41f5-b07c-84fb7bc9b80e}*SharedItemsImports = 4
		XFOidcClient2Demo\XFOidcClient2Demo\XFOidcClient2Demo.projitems*{d5e58da2-80b5-4ce7-9071-a812e9217949}*SharedItemsImports = 13
		XFOidcClient2Demo\XFOidcClient2Demo\XFOidcClient2Demo.projitems*{f8f8ecd8-ea2a-4451-bdb1-b46e8348209f}*SharedItemsImports = 4
		XFOidcClient2Demo\XFOidcClient2Demo\XFOidcClient2Demo.projitems*{fa9e8a15-2f8a-498b-bcbf-80e5637a3cda}*SharedItemsImports = 4
	EndGlobalSection
	GlobalSection(SolutionConfigurationPlatforms) = preSolution
		Ad-Hoc|Any CPU = Ad-Hoc|Any CPU
		Ad-Hoc|ARM = Ad-Hoc|ARM
		Ad-Hoc|iPhone = Ad-Hoc|iPhone
		Ad-Hoc|iPhoneSimulator = Ad-Hoc|iPhoneSimulator
		Ad-Hoc|x64 = Ad-Hoc|x64
		Ad-Hoc|x86 = Ad-Hoc|x86
		AppStore|Any CPU = AppStore|Any CPU
		AppStore|ARM = AppStore|ARM
		AppStore|iPhone = AppStore|iPhone
		AppStore|iPhoneSimulator = AppStore|iPhoneSimulator
		AppStore|x64 = AppStore|x64
		AppStore|x86 = AppStore|x86
		Debug|Any CPU = Debug|Any CPU
		Debug|ARM = Debug|ARM
		Debug|iPhone = Debug|iPhone
		Debug|iPhoneSimulator = Debug|iPhoneSimulator
		Debug|x64 = Debug|x64
		Debug|x86 = Debug|x86
		Release|Any CPU = Release|Any CPU
		Release|ARM = Release|ARM
		Release|iPhone = Release|iPhone
		Release|iPhoneSimulator = Release|iPhoneSimulator
		Release|x64 = Release|x64
		Release|x86 = Release|x86
	EndGlobalSection
	GlobalSection(ProjectConfigurationPlatforms) = postSolution
		{FA9E8A15-2F8A-498B-BCBF-80E5637A3CDA}.Ad-Hoc|Any CPU.ActiveCfg = Release|Any CPU
		{FA9E8A15-2F8A-498B-BCBF-80E5637A3CDA}.Ad-Hoc|Any CPU.Build.0 = Release|Any CPU
		{FA9E8A15-2F8A-498B-BCBF-80E5637A3CDA}.Ad-Hoc|Any CPU.Deploy.0 = Release|Any CPU
		{FA9E8A15-2F8A-498B-BCBF-80E5637A3CDA}.Ad-Hoc|ARM.ActiveCfg = Release|Any CPU
		{FA9E8A15-2F8A-498B-BCBF-80E5637A3CDA}.Ad-Hoc|ARM.Build.0 = Release|Any CPU
		{FA9E8A15-2F8A-498B-BCBF-80E5637A3CDA}.Ad-Hoc|ARM.Deploy.0 = Release|Any CPU
		{FA9E8A15-2F8A-498B-BCBF-80E5637A3CDA}.Ad-Hoc|iPhone.ActiveCfg = Release|Any CPU
		{FA9E8A15-2F8A-498B-BCBF-80E5637A3CDA}.Ad-Hoc|iPhone.Build.0 = Release|Any CPU
		{FA9E8A15-2F8A-498B-BCBF-80E5637A3CDA}.Ad-Hoc|iPhone.Deploy.0 = Release|Any CPU
		{FA9E8A15-2F8A-498B-BCBF-80E5637A3CDA}.Ad-Hoc|iPhoneSimulator.ActiveCfg = Release|Any CPU
		{FA9E8A15-2F8A-498B-BCBF-80E5637A3CDA}.Ad-Hoc|iPhoneSimulator.Build.0 = Release|Any CPU
		{FA9E8A15-2F8A-498B-BCBF-80E5637A3CDA}.Ad-Hoc|iPhoneSimulator.Deploy.0 = Release|Any CPU
		{FA9E8A15-2F8A-498B-BCBF-80E5637A3CDA}.Ad-Hoc|x64.ActiveCfg = Release|Any CPU
		{FA9E8A15-2F8A-498B-BCBF-80E5637A3CDA}.Ad-Hoc|x64.Build.0 = Release|Any CPU
		{FA9E8A15-2F8A-498B-BCBF-80E5637A3CDA}.Ad-Hoc|x64.Deploy.0 = Release|Any CPU
		{FA9E8A15-2F8A-498B-BCBF-80E5637A3CDA}.Ad-Hoc|x86.ActiveCfg = Release|Any CPU
		{FA9E8A15-2F8A-498B-BCBF-80E5637A3CDA}.Ad-Hoc|x86.Build.0 = Release|Any CPU
		{FA9E8A15-2F8A-498B-BCBF-80E5637A3CDA}.Ad-Hoc|x86.Deploy.0 = Release|Any CPU
		{FA9E8A15-2F8A-498B-BCBF-80E5637A3CDA}.AppStore|Any CPU.ActiveCfg = Release|Any CPU
		{FA9E8A15-2F8A-498B-BCBF-80E5637A3CDA}.AppStore|Any CPU.Build.0 = Release|Any CPU
		{FA9E8A15-2F8A-498B-BCBF-80E5637A3CDA}.AppStore|Any CPU.Deploy.0 = Release|Any CPU
		{FA9E8A15-2F8A-498B-BCBF-80E5637A3CDA}.AppStore|ARM.ActiveCfg = Release|Any CPU
		{FA9E8A15-2F8A-498B-BCBF-80E5637A3CDA}.AppStore|ARM.Build.0 = Release|Any CPU
		{FA9E8A15-2F8A-498B-BCBF-80E5637A3CDA}.AppStore|ARM.Deploy.0 = Release|Any CPU
		{FA9E8A15-2F8A-498B-BCBF-80E5637A3CDA}.AppStore|iPhone.ActiveCfg = Release|Any CPU
		{FA9E8A15-2F8A-498B-BCBF-80E5637A3CDA}.AppStore|iPhone.Build.0 = Release|Any CPU
		{FA9E8A15-2F8A-498B-BCBF-80E5637A3CDA}.AppStore|iPhone.Deploy.0 = Release|Any CPU
		{FA9E8A15-2F8A-498B-BCBF-80E5637A3CDA}.AppStore|iPhoneSimulator.ActiveCfg = Release|Any CPU
		{FA9E8A15-2F8A-498B-BCBF-80E5637A3CDA}.AppStore|iPhoneSimulator.Build.0 = Release|Any CPU
		{FA9E8A15-2F8A-498B-BCBF-80E5637A3CDA}.AppStore|iPhoneSimulator.Deploy.0 = Release|Any CPU
		{FA9E8A15-2F8A-498B-BCBF-80E5637A3CDA}.AppStore|x64.ActiveCfg = Release|Any CPU
		{FA9E8A15-2F8A-498B-BCBF-80E5637A3CDA}.AppStore|x64.Build.0 = Release|Any CPU
		{FA9E8A15-2F8A-498B-BCBF-80E5637A3CDA}.AppStore|x64.Deploy.0 = Release|Any CPU
		{FA9E8A15-2F8A-498B-BCBF-80E5637A3CDA}.AppStore|x86.ActiveCfg = Release|Any CPU
		{FA9E8A15-2F8A-498B-BCBF-80E5637A3CDA}.AppStore|x86.Build.0 = Release|Any CPU
		{FA9E8A15-2F8A-498B-BCBF-80E5637A3CDA}.AppStore|x86.Deploy.0 = Release|Any CPU
		{FA9E8A15-2F8A-498B-BCBF-80E5637A3CDA}.Debug|Any CPU.ActiveCfg = Debug|Any CPU
		{FA9E8A15-2F8A-498B-BCBF-80E5637A3CDA}.Debug|Any CPU.Build.0 = Debug|Any CPU
		{FA9E8A15-2F8A-498B-BCBF-80E5637A3CDA}.Debug|Any CPU.Deploy.0 = Debug|Any CPU
		{FA9E8A15-2F8A-498B-BCBF-80E5637A3CDA}.Debug|ARM.ActiveCfg = Debug|Any CPU
		{FA9E8A15-2F8A-498B-BCBF-80E5637A3CDA}.Debug|ARM.Build.0 = Debug|Any CPU
		{FA9E8A15-2F8A-498B-BCBF-80E5637A3CDA}.Debug|ARM.Deploy.0 = Debug|Any CPU
		{FA9E8A15-2F8A-498B-BCBF-80E5637A3CDA}.Debug|iPhone.ActiveCfg = Debug|Any CPU
		{FA9E8A15-2F8A-498B-BCBF-80E5637A3CDA}.Debug|iPhone.Build.0 = Debug|Any CPU
		{FA9E8A15-2F8A-498B-BCBF-80E5637A3CDA}.Debug|iPhone.Deploy.0 = Debug|Any CPU
		{FA9E8A15-2F8A-498B-BCBF-80E5637A3CDA}.Debug|iPhoneSimulator.ActiveCfg = Debug|Any CPU
		{FA9E8A15-2F8A-498B-BCBF-80E5637A3CDA}.Debug|iPhoneSimulator.Build.0 = Debug|Any CPU
		{FA9E8A15-2F8A-498B-BCBF-80E5637A3CDA}.Debug|iPhoneSimulator.Deploy.0 = Debug|Any CPU
		{FA9E8A15-2F8A-498B-BCBF-80E5637A3CDA}.Debug|x64.ActiveCfg = Debug|Any CPU
		{FA9E8A15-2F8A-498B-BCBF-80E5637A3CDA}.Debug|x64.Build.0 = Debug|Any CPU
		{FA9E8A15-2F8A-498B-BCBF-80E5637A3CDA}.Debug|x64.Deploy.0 = Debug|Any CPU
		{FA9E8A15-2F8A-498B-BCBF-80E5637A3CDA}.Debug|x86.ActiveCfg = Debug|Any CPU
		{FA9E8A15-2F8A-498B-BCBF-80E5637A3CDA}.Debug|x86.Build.0 = Debug|Any CPU
		{FA9E8A15-2F8A-498B-BCBF-80E5637A3CDA}.Debug|x86.Deploy.0 = Debug|Any CPU
		{FA9E8A15-2F8A-498B-BCBF-80E5637A3CDA}.Release|Any CPU.ActiveCfg = Release|Any CPU
		{FA9E8A15-2F8A-498B-BCBF-80E5637A3CDA}.Release|Any CPU.Build.0 = Release|Any CPU
		{FA9E8A15-2F8A-498B-BCBF-80E5637A3CDA}.Release|Any CPU.Deploy.0 = Release|Any CPU
		{FA9E8A15-2F8A-498B-BCBF-80E5637A3CDA}.Release|ARM.ActiveCfg = Release|Any CPU
		{FA9E8A15-2F8A-498B-BCBF-80E5637A3CDA}.Release|ARM.Build.0 = Release|Any CPU
		{FA9E8A15-2F8A-498B-BCBF-80E5637A3CDA}.Release|ARM.Deploy.0 = Release|Any CPU
		{FA9E8A15-2F8A-498B-BCBF-80E5637A3CDA}.Release|iPhone.ActiveCfg = Release|Any CPU
		{FA9E8A15-2F8A-498B-BCBF-80E5637A3CDA}.Release|iPhone.Build.0 = Release|Any CPU
		{FA9E8A15-2F8A-498B-BCBF-80E5637A3CDA}.Release|iPhone.Deploy.0 = Release|Any CPU
		{FA9E8A15-2F8A-498B-BCBF-80E5637A3CDA}.Release|iPhoneSimulator.ActiveCfg = Release|Any CPU
		{FA9E8A15-2F8A-498B-BCBF-80E5637A3CDA}.Release|iPhoneSimulator.Build.0 = Release|Any CPU
		{FA9E8A15-2F8A-498B-BCBF-80E5637A3CDA}.Release|iPhoneSimulator.Deploy.0 = Release|Any CPU
		{FA9E8A15-2F8A-498B-BCBF-80E5637A3CDA}.Release|x64.ActiveCfg = Release|Any CPU
		{FA9E8A15-2F8A-498B-BCBF-80E5637A3CDA}.Release|x64.Build.0 = Release|Any CPU
		{FA9E8A15-2F8A-498B-BCBF-80E5637A3CDA}.Release|x64.Deploy.0 = Release|Any CPU
		{FA9E8A15-2F8A-498B-BCBF-80E5637A3CDA}.Release|x86.ActiveCfg = Release|Any CPU
		{FA9E8A15-2F8A-498B-BCBF-80E5637A3CDA}.Release|x86.Build.0 = Release|Any CPU
		{FA9E8A15-2F8A-498B-BCBF-80E5637A3CDA}.Release|x86.Deploy.0 = Release|Any CPU
		{3722D267-5A33-41F5-B07C-84FB7BC9B80E}.Ad-Hoc|Any CPU.ActiveCfg = Ad-Hoc|iPhone
		{3722D267-5A33-41F5-B07C-84FB7BC9B80E}.Ad-Hoc|ARM.ActiveCfg = Ad-Hoc|iPhone
		{3722D267-5A33-41F5-B07C-84FB7BC9B80E}.Ad-Hoc|iPhone.ActiveCfg = Ad-Hoc|iPhone
		{3722D267-5A33-41F5-B07C-84FB7BC9B80E}.Ad-Hoc|iPhone.Build.0 = Ad-Hoc|iPhone
		{3722D267-5A33-41F5-B07C-84FB7BC9B80E}.Ad-Hoc|iPhoneSimulator.ActiveCfg = Ad-Hoc|iPhoneSimulator
		{3722D267-5A33-41F5-B07C-84FB7BC9B80E}.Ad-Hoc|iPhoneSimulator.Build.0 = Ad-Hoc|iPhoneSimulator
		{3722D267-5A33-41F5-B07C-84FB7BC9B80E}.Ad-Hoc|x64.ActiveCfg = Ad-Hoc|iPhone
		{3722D267-5A33-41F5-B07C-84FB7BC9B80E}.Ad-Hoc|x86.ActiveCfg = Ad-Hoc|iPhone
		{3722D267-5A33-41F5-B07C-84FB7BC9B80E}.AppStore|Any CPU.ActiveCfg = AppStore|iPhone
		{3722D267-5A33-41F5-B07C-84FB7BC9B80E}.AppStore|ARM.ActiveCfg = AppStore|iPhone
		{3722D267-5A33-41F5-B07C-84FB7BC9B80E}.AppStore|iPhone.ActiveCfg = AppStore|iPhone
		{3722D267-5A33-41F5-B07C-84FB7BC9B80E}.AppStore|iPhone.Build.0 = AppStore|iPhone
		{3722D267-5A33-41F5-B07C-84FB7BC9B80E}.AppStore|iPhoneSimulator.ActiveCfg = AppStore|iPhoneSimulator
		{3722D267-5A33-41F5-B07C-84FB7BC9B80E}.AppStore|iPhoneSimulator.Build.0 = AppStore|iPhoneSimulator
		{3722D267-5A33-41F5-B07C-84FB7BC9B80E}.AppStore|x64.ActiveCfg = AppStore|iPhone
		{3722D267-5A33-41F5-B07C-84FB7BC9B80E}.AppStore|x86.ActiveCfg = AppStore|iPhone
		{3722D267-5A33-41F5-B07C-84FB7BC9B80E}.Debug|Any CPU.ActiveCfg = Debug|iPhone
		{3722D267-5A33-41F5-B07C-84FB7BC9B80E}.Debug|ARM.ActiveCfg = Debug|iPhone
		{3722D267-5A33-41F5-B07C-84FB7BC9B80E}.Debug|iPhone.ActiveCfg = Debug|iPhone
		{3722D267-5A33-41F5-B07C-84FB7BC9B80E}.Debug|iPhone.Build.0 = Debug|iPhone
		{3722D267-5A33-41F5-B07C-84FB7BC9B80E}.Debug|iPhoneSimulator.ActiveCfg = Debug|iPhoneSimulator
		{3722D267-5A33-41F5-B07C-84FB7BC9B80E}.Debug|iPhoneSimulator.Build.0 = Debug|iPhoneSimulator
		{3722D267-5A33-41F5-B07C-84FB7BC9B80E}.Debug|x64.ActiveCfg = Debug|iPhone
		{3722D267-5A33-41F5-B07C-84FB7BC9B80E}.Debug|x86.ActiveCfg = Debug|iPhone
		{3722D267-5A33-41F5-B07C-84FB7BC9B80E}.Release|Any CPU.ActiveCfg = Release|iPhone
		{3722D267-5A33-41F5-B07C-84FB7BC9B80E}.Release|ARM.ActiveCfg = Release|iPhone
		{3722D267-5A33-41F5-B07C-84FB7BC9B80E}.Release|iPhone.ActiveCfg = Release|iPhone
		{3722D267-5A33-41F5-B07C-84FB7BC9B80E}.Release|iPhone.Build.0 = Release|iPhone
		{3722D267-5A33-41F5-B07C-84FB7BC9B80E}.Release|iPhoneSimulator.ActiveCfg = Release|iPhoneSimulator
		{3722D267-5A33-41F5-B07C-84FB7BC9B80E}.Release|iPhoneSimulator.Build.0 = Release|iPhoneSimulator
		{3722D267-5A33-41F5-B07C-84FB7BC9B80E}.Release|x64.ActiveCfg = Release|iPhone
		{3722D267-5A33-41F5-B07C-84FB7BC9B80E}.Release|x86.ActiveCfg = Release|iPhone
		{F8F8ECD8-EA2A-4451-BDB1-B46E8348209F}.Ad-Hoc|Any CPU.ActiveCfg = Release|x86
		{F8F8ECD8-EA2A-4451-BDB1-B46E8348209F}.Ad-Hoc|Any CPU.Build.0 = Release|x86
		{F8F8ECD8-EA2A-4451-BDB1-B46E8348209F}.Ad-Hoc|Any CPU.Deploy.0 = Release|x86
		{F8F8ECD8-EA2A-4451-BDB1-B46E8348209F}.Ad-Hoc|ARM.ActiveCfg = Release|ARM
		{F8F8ECD8-EA2A-4451-BDB1-B46E8348209F}.Ad-Hoc|ARM.Build.0 = Release|ARM
		{F8F8ECD8-EA2A-4451-BDB1-B46E8348209F}.Ad-Hoc|ARM.Deploy.0 = Release|ARM
		{F8F8ECD8-EA2A-4451-BDB1-B46E8348209F}.Ad-Hoc|iPhone.ActiveCfg = Release|x86
		{F8F8ECD8-EA2A-4451-BDB1-B46E8348209F}.Ad-Hoc|iPhone.Build.0 = Release|x86
		{F8F8ECD8-EA2A-4451-BDB1-B46E8348209F}.Ad-Hoc|iPhone.Deploy.0 = Release|x86
		{F8F8ECD8-EA2A-4451-BDB1-B46E8348209F}.Ad-Hoc|iPhoneSimulator.ActiveCfg = Release|x86
		{F8F8ECD8-EA2A-4451-BDB1-B46E8348209F}.Ad-Hoc|iPhoneSimulator.Build.0 = Release|x86
		{F8F8ECD8-EA2A-4451-BDB1-B46E8348209F}.Ad-Hoc|iPhoneSimulator.Deploy.0 = Release|x86
		{F8F8ECD8-EA2A-4451-BDB1-B46E8348209F}.Ad-Hoc|x64.ActiveCfg = Release|x64
		{F8F8ECD8-EA2A-4451-BDB1-B46E8348209F}.Ad-Hoc|x64.Build.0 = Release|x64
		{F8F8ECD8-EA2A-4451-BDB1-B46E8348209F}.Ad-Hoc|x64.Deploy.0 = Release|x64
		{F8F8ECD8-EA2A-4451-BDB1-B46E8348209F}.Ad-Hoc|x86.ActiveCfg = Release|x86
		{F8F8ECD8-EA2A-4451-BDB1-B46E8348209F}.Ad-Hoc|x86.Build.0 = Release|x86
		{F8F8ECD8-EA2A-4451-BDB1-B46E8348209F}.Ad-Hoc|x86.Deploy.0 = Release|x86
		{F8F8ECD8-EA2A-4451-BDB1-B46E8348209F}.AppStore|Any CPU.ActiveCfg = Release|x86
		{F8F8ECD8-EA2A-4451-BDB1-B46E8348209F}.AppStore|Any CPU.Build.0 = Release|x86
		{F8F8ECD8-EA2A-4451-BDB1-B46E8348209F}.AppStore|Any CPU.Deploy.0 = Release|x86
		{F8F8ECD8-EA2A-4451-BDB1-B46E8348209F}.AppStore|ARM.ActiveCfg = Release|ARM
		{F8F8ECD8-EA2A-4451-BDB1-B46E8348209F}.AppStore|ARM.Build.0 = Release|ARM
		{F8F8ECD8-EA2A-4451-BDB1-B46E8348209F}.AppStore|ARM.Deploy.0 = Release|ARM
		{F8F8ECD8-EA2A-4451-BDB1-B46E8348209F}.AppStore|iPhone.ActiveCfg = Release|x86
		{F8F8ECD8-EA2A-4451-BDB1-B46E8348209F}.AppStore|iPhone.Build.0 = Release|x86
		{F8F8ECD8-EA2A-4451-BDB1-B46E8348209F}.AppStore|iPhone.Deploy.0 = Release|x86
		{F8F8ECD8-EA2A-4451-BDB1-B46E8348209F}.AppStore|iPhoneSimulator.ActiveCfg = Release|x86
		{F8F8ECD8-EA2A-4451-BDB1-B46E8348209F}.AppStore|iPhoneSimulator.Build.0 = Release|x86
		{F8F8ECD8-EA2A-4451-BDB1-B46E8348209F}.AppStore|iPhoneSimulator.Deploy.0 = Release|x86
		{F8F8ECD8-EA2A-4451-BDB1-B46E8348209F}.AppStore|x64.ActiveCfg = Release|x64
		{F8F8ECD8-EA2A-4451-BDB1-B46E8348209F}.AppStore|x64.Build.0 = Release|x64
		{F8F8ECD8-EA2A-4451-BDB1-B46E8348209F}.AppStore|x64.Deploy.0 = Release|x64
		{F8F8ECD8-EA2A-4451-BDB1-B46E8348209F}.AppStore|x86.ActiveCfg = Release|x86
		{F8F8ECD8-EA2A-4451-BDB1-B46E8348209F}.AppStore|x86.Build.0 = Release|x86
		{F8F8ECD8-EA2A-4451-BDB1-B46E8348209F}.AppStore|x86.Deploy.0 = Release|x86
		{F8F8ECD8-EA2A-4451-BDB1-B46E8348209F}.Debug|Any CPU.ActiveCfg = Debug|x86
		{F8F8ECD8-EA2A-4451-BDB1-B46E8348209F}.Debug|ARM.ActiveCfg = Debug|ARM
		{F8F8ECD8-EA2A-4451-BDB1-B46E8348209F}.Debug|ARM.Build.0 = Debug|ARM
		{F8F8ECD8-EA2A-4451-BDB1-B46E8348209F}.Debug|ARM.Deploy.0 = Debug|ARM
		{F8F8ECD8-EA2A-4451-BDB1-B46E8348209F}.Debug|iPhone.ActiveCfg = Debug|x86
		{F8F8ECD8-EA2A-4451-BDB1-B46E8348209F}.Debug|iPhoneSimulator.ActiveCfg = Debug|x86
		{F8F8ECD8-EA2A-4451-BDB1-B46E8348209F}.Debug|x64.ActiveCfg = Debug|x64
		{F8F8ECD8-EA2A-4451-BDB1-B46E8348209F}.Debug|x64.Build.0 = Debug|x64
		{F8F8ECD8-EA2A-4451-BDB1-B46E8348209F}.Debug|x64.Deploy.0 = Debug|x64
		{F8F8ECD8-EA2A-4451-BDB1-B46E8348209F}.Debug|x86.ActiveCfg = Debug|x86
		{F8F8ECD8-EA2A-4451-BDB1-B46E8348209F}.Debug|x86.Build.0 = Debug|x86
		{F8F8ECD8-EA2A-4451-BDB1-B46E8348209F}.Debug|x86.Deploy.0 = Debug|x86
		{F8F8ECD8-EA2A-4451-BDB1-B46E8348209F}.Release|Any CPU.ActiveCfg = Release|x86
		{F8F8ECD8-EA2A-4451-BDB1-B46E8348209F}.Release|ARM.ActiveCfg = Release|ARM
		{F8F8ECD8-EA2A-4451-BDB1-B46E8348209F}.Release|ARM.Build.0 = Release|ARM
		{F8F8ECD8-EA2A-4451-BDB1-B46E8348209F}.Release|ARM.Deploy.0 = Release|ARM
		{F8F8ECD8-EA2A-4451-BDB1-B46E8348209F}.Release|iPhone.ActiveCfg = Release|x86
		{F8F8ECD8-EA2A-4451-BDB1-B46E8348209F}.Release|iPhoneSimulator.ActiveCfg = Release|x86
		{F8F8ECD8-EA2A-4451-BDB1-B46E8348209F}.Release|x64.ActiveCfg = Release|x64
		{F8F8ECD8-EA2A-4451-BDB1-B46E8348209F}.Release|x64.Build.0 = Release|x64
		{F8F8ECD8-EA2A-4451-BDB1-B46E8348209F}.Release|x64.Deploy.0 = Release|x64
		{F8F8ECD8-EA2A-4451-BDB1-B46E8348209F}.Release|x86.ActiveCfg = Release|x86
		{F8F8ECD8-EA2A-4451-BDB1-B46E8348209F}.Release|x86.Build.0 = Release|x86
		{F8F8ECD8-EA2A-4451-BDB1-B46E8348209F}.Release|x86.Deploy.0 = Release|x86
	EndGlobalSection
	GlobalSection(SolutionProperties) = preSolution
		HideSolutionNode = FALSE
	EndGlobalSection
	GlobalSection(ExtensibilityGlobals) = postSolution
		SolutionGuid = {0EE233DE-9D22-4C15-86AB-A4171C48B253}
	EndGlobalSection
EndGlobal
